
Microsoft Visual Studio Solution File, Format Version 12.00
# Visual Studio Version 17
VisualStudioVersion = 17.7.34202.233
MinimumVisualStudioVersion = 10.0.40219.1
Project("{2150E333-8FDC-42A3-9474-1A3956D46DE8}") = "Core", "Core", "{E3460D52-B12E-40B4-96B7-843132420739}"
EndProject
Project("{2150E333-8FDC-42A3-9474-1A3956D46DE8}") = "Data", "Data", "{388706E7-30E7-48C2-BFDE-D282AC3F5B32}"
EndProject
Project("{2150E333-8FDC-42A3-9474-1A3956D46DE8}") = "Services", "Services", "{8E134DE3-6FF1-4C88-8CE4-9F99B55F2151}"
EndProject
Project("{2150E333-8FDC-42A3-9474-1A3956D46DE8}") = "Tests", "Tests", "{5F3B0141-E6D3-429B-971D-BEA865DD3CE3}"
EndProject
Project("{2150E333-8FDC-42A3-9474-1A3956D46DE8}") = "Webapp", "Webapp", "{F2248940-38B8-48B8-BBB6-B5118AF9DCA5}"
EndProject
Project("{9A19103F-16F7-4668-BE54-9A1E7A4F7556}") = "Clinic.Data.Store", "src\platfom-apis\data\Clinic.Data.Store\Clinic.Data.Store.csproj", "{063045DE-49F6-431E-A2A8-812B884EFEB6}"
EndProject
Project("{9A19103F-16F7-4668-BE54-9A1E7A4F7556}") = "Clinic.DTO.Models", "src\platfom-apis\data\Clinic.DTO.Models\Clinic.DTO.Models.csproj", "{89F91E65-B4D0-4248-A105-7B3EC7DE5F96}"
EndProject
Project("{9A19103F-16F7-4668-BE54-9A1E7A4F7556}") = "Clinic.Data.Models", "src\platfom-apis\data\Clinic.Data.Models\Clinic.Data.Models.csproj", "{5AB5D4C5-D9A6-4809-B77F-49767D02AB3E}"
EndProject
Project("{9A19103F-16F7-4668-BE54-9A1E7A4F7556}") = "Clinic.Infrastructure", "src\platfom-apis\core\Clinic.Infrastructure\Clinic.Infrastructure.csproj", "{F10DB71C-C25D-4261-A68B-119D738EE584}"
EndProject
Project("{9A19103F-16F7-4668-BE54-9A1E7A4F7556}") = "Clinic.Common", "src\platfom-apis\core\Clinic.Common\Clinic.Common.csproj", "{33BDF6DD-4374-4FA2-8ADD-48EBE4CE981E}"
EndProject
Project("{9A19103F-16F7-4668-BE54-9A1E7A4F7556}") = "Clinic.Caching", "src\platfom-apis\core\Clinic.Caching\Clinic.Caching.csproj", "{D3D77A15-E1D1-412E-BB29-CCAF0012BD62}"
EndProject
Project("{9A19103F-16F7-4668-BE54-9A1E7A4F7556}") = "Clinic.Logger", "src\platfom-apis\core\Clinic.Logger\Clinic.Logger.csproj", "{FB3E220D-EDB4-432B-9F00-47AE6A290DBD}"
EndProject
Project("{9A19103F-16F7-4668-BE54-9A1E7A4F7556}") = "Clinic.DataAccess", "src\platfom-apis\services\Clinic.DataAccess\Clinic.DataAccess.csproj", "{CAD85A79-ABC7-466A-A9A7-9C80E7C3D2E4}"
EndProject
Project("{9A19103F-16F7-4668-BE54-9A1E7A4F7556}") = "Clinic.Invoice", "src\platfom-apis\services\Clinic.Invoice\Clinic.Invoice.csproj", "{348B1C4E-E5DE-4A2D-81C1-A671E842442E}"
EndProject
Project("{9A19103F-16F7-4668-BE54-9A1E7A4F7556}") = "Clinic.Product", "src\platfom-apis\services\Clinic.Product\Clinic.Product.csproj", "{B8820E64-C31C-4730-9EE1-63F73BC9D28C}"
EndProject
Project("{9A19103F-16F7-4668-BE54-9A1E7A4F7556}") = "Clinic.Booking", "src\platfom-apis\services\Clinic.Booking\Clinic.Booking.csproj", "{BC65F389-849A-4CAF-AB78-621241AB36AE}"
EndProject
Project("{9A19103F-16F7-4668-BE54-9A1E7A4F7556}") = "Clinic.UserManagement", "src\platfom-apis\services\Clinic.UserManagement\Clinic.UserManagement.csproj", "{5D5F7EAE-DE13-492B-8F46-D4BB5AF33813}"
EndProject
Project("{9A19103F-16F7-4668-BE54-9A1E7A4F7556}") = "Clinic.BlazorWebPWA", "src\webapp\Clinic.BlazorWebPWA\Clinic.BlazorWebPWA.csproj", "{48DA7380-532D-49B2-A1C7-F77FF69A8CFC}"
EndProject
Project("{9A19103F-16F7-4668-BE54-9A1E7A4F7556}") = "Clinic.Identity", "src\webapp\Clinic.Identity\Clinic.Identity.csproj", "{97A01F09-3C82-4ED7-9B16-EF3E57D170D4}"
EndProject
Global
	GlobalSection(SolutionConfigurationPlatforms) = preSolution
		Debug|Any CPU = Debug|Any CPU
		Release|Any CPU = Release|Any CPU
	EndGlobalSection
	GlobalSection(ProjectConfigurationPlatforms) = postSolution
		{063045DE-49F6-431E-A2A8-812B884EFEB6}.Debug|Any CPU.ActiveCfg = Debug|Any CPU
		{063045DE-49F6-431E-A2A8-812B884EFEB6}.Debug|Any CPU.Build.0 = Debug|Any CPU
		{063045DE-49F6-431E-A2A8-812B884EFEB6}.Release|Any CPU.ActiveCfg = Release|Any CPU
		{063045DE-49F6-431E-A2A8-812B884EFEB6}.Release|Any CPU.Build.0 = Release|Any CPU
		{89F91E65-B4D0-4248-A105-7B3EC7DE5F96}.Debug|Any CPU.ActiveCfg = Debug|Any CPU
		{89F91E65-B4D0-4248-A105-7B3EC7DE5F96}.Debug|Any CPU.Build.0 = Debug|Any CPU
		{89F91E65-B4D0-4248-A105-7B3EC7DE5F96}.Release|Any CPU.ActiveCfg = Release|Any CPU
		{89F91E65-B4D0-4248-A105-7B3EC7DE5F96}.Release|Any CPU.Build.0 = Release|Any CPU
		{5AB5D4C5-D9A6-4809-B77F-49767D02AB3E}.Debug|Any CPU.ActiveCfg = Debug|Any CPU
		{5AB5D4C5-D9A6-4809-B77F-49767D02AB3E}.Debug|Any CPU.Build.0 = Debug|Any CPU
		{5AB5D4C5-D9A6-4809-B77F-49767D02AB3E}.Release|Any CPU.ActiveCfg = Release|Any CPU
		{5AB5D4C5-D9A6-4809-B77F-49767D02AB3E}.Release|Any CPU.Build.0 = Release|Any CPU
		{F10DB71C-C25D-4261-A68B-119D738EE584}.Debug|Any CPU.ActiveCfg = Debug|Any CPU
		{F10DB71C-C25D-4261-A68B-119D738EE584}.Debug|Any CPU.Build.0 = Debug|Any CPU
		{F10DB71C-C25D-4261-A68B-119D738EE584}.Release|Any CPU.ActiveCfg = Release|Any CPU
		{F10DB71C-C25D-4261-A68B-119D738EE584}.Release|Any CPU.Build.0 = Release|Any CPU
		{33BDF6DD-4374-4FA2-8ADD-48EBE4CE981E}.Debug|Any CPU.ActiveCfg = Debug|Any CPU
		{33BDF6DD-4374-4FA2-8ADD-48EBE4CE981E}.Debug|Any CPU.Build.0 = Debug|Any CPU
		{33BDF6DD-4374-4FA2-8ADD-48EBE4CE981E}.Release|Any CPU.ActiveCfg = Release|Any CPU
		{33BDF6DD-4374-4FA2-8ADD-48EBE4CE981E}.Release|Any CPU.Build.0 = Release|Any CPU
		{D3D77A15-E1D1-412E-BB29-CCAF0012BD62}.Debug|Any CPU.ActiveCfg = Debug|Any CPU
		{D3D77A15-E1D1-412E-BB29-CCAF0012BD62}.Debug|Any CPU.Build.0 = Debug|Any CPU
		{D3D77A15-E1D1-412E-BB29-CCAF0012BD62}.Release|Any CPU.ActiveCfg = Release|Any CPU
		{D3D77A15-E1D1-412E-BB29-CCAF0012BD62}.Release|Any CPU.Build.0 = Release|Any CPU
		{FB3E220D-EDB4-432B-9F00-47AE6A290DBD}.Debug|Any CPU.ActiveCfg = Debug|Any CPU
		{FB3E220D-EDB4-432B-9F00-47AE6A290DBD}.Debug|Any CPU.Build.0 = Debug|Any CPU
		{FB3E220D-EDB4-432B-9F00-47AE6A290DBD}.Release|Any CPU.ActiveCfg = Release|Any CPU
		{FB3E220D-EDB4-432B-9F00-47AE6A290DBD}.Release|Any CPU.Build.0 = Release|Any CPU
		{CAD85A79-ABC7-466A-A9A7-9C80E7C3D2E4}.Debug|Any CPU.ActiveCfg = Debug|Any CPU
		{CAD85A79-ABC7-466A-A9A7-9C80E7C3D2E4}.Debug|Any CPU.Build.0 = Debug|Any CPU
		{CAD85A79-ABC7-466A-A9A7-9C80E7C3D2E4}.Release|Any CPU.ActiveCfg = Release|Any CPU
		{CAD85A79-ABC7-466A-A9A7-9C80E7C3D2E4}.Release|Any CPU.Build.0 = Release|Any CPU
		{348B1C4E-E5DE-4A2D-81C1-A671E842442E}.Debug|Any CPU.ActiveCfg = Debug|Any CPU
		{348B1C4E-E5DE-4A2D-81C1-A671E842442E}.Debug|Any CPU.Build.0 = Debug|Any CPU
		{348B1C4E-E5DE-4A2D-81C1-A671E842442E}.Release|Any CPU.ActiveCfg = Release|Any CPU
		{348B1C4E-E5DE-4A2D-81C1-A671E842442E}.Release|Any CPU.Build.0 = Release|Any CPU
		{B8820E64-C31C-4730-9EE1-63F73BC9D28C}.Debug|Any CPU.ActiveCfg = Debug|Any CPU
		{B8820E64-C31C-4730-9EE1-63F73BC9D28C}.Debug|Any CPU.Build.0 = Debug|Any CPU
		{B8820E64-C31C-4730-9EE1-63F73BC9D28C}.Release|Any CPU.ActiveCfg = Release|Any CPU
		{B8820E64-C31C-4730-9EE1-63F73BC9D28C}.Release|Any CPU.Build.0 = Release|Any CPU
		{BC65F389-849A-4CAF-AB78-621241AB36AE}.Debug|Any CPU.ActiveCfg = Debug|Any CPU
		{BC65F389-849A-4CAF-AB78-621241AB36AE}.Debug|Any CPU.Build.0 = Debug|Any CPU
		{BC65F389-849A-4CAF-AB78-621241AB36AE}.Release|Any CPU.ActiveCfg = Release|Any CPU
		{BC65F389-849A-4CAF-AB78-621241AB36AE}.Release|Any CPU.Build.0 = Release|Any CPU
		{5D5F7EAE-DE13-492B-8F46-D4BB5AF33813}.Debug|Any CPU.ActiveCfg = Debug|Any CPU
		{5D5F7EAE-DE13-492B-8F46-D4BB5AF33813}.Debug|Any CPU.Build.0 = Debug|Any CPU
		{5D5F7EAE-DE13-492B-8F46-D4BB5AF33813}.Release|Any CPU.ActiveCfg = Release|Any CPU
		{5D5F7EAE-DE13-492B-8F46-D4BB5AF33813}.Release|Any CPU.Build.0 = Release|Any CPU
		{48DA7380-532D-49B2-A1C7-F77FF69A8CFC}.Debug|Any CPU.ActiveCfg = Debug|Any CPU
		{48DA7380-532D-49B2-A1C7-F77FF69A8CFC}.Debug|Any CPU.Build.0 = Debug|Any CPU
		{48DA7380-532D-49B2-A1C7-F77FF69A8CFC}.Release|Any CPU.ActiveCfg = Release|Any CPU
		{48DA7380-532D-49B2-A1C7-F77FF69A8CFC}.Release|Any CPU.Build.0 = Release|Any CPU
		{97A01F09-3C82-4ED7-9B16-EF3E57D170D4}.Debug|Any CPU.ActiveCfg = Debug|Any CPU
		{97A01F09-3C82-4ED7-9B16-EF3E57D170D4}.Debug|Any CPU.Build.0 = Debug|Any CPU
		{97A01F09-3C82-4ED7-9B16-EF3E57D170D4}.Release|Any CPU.ActiveCfg = Release|Any CPU
		{97A01F09-3C82-4ED7-9B16-EF3E57D170D4}.Release|Any CPU.Build.0 = Release|Any CPU
	EndGlobalSection
	GlobalSection(SolutionProperties) = preSolution
		HideSolutionNode = FALSE
	EndGlobalSection
	GlobalSection(NestedProjects) = preSolution
		{063045DE-49F6-431E-A2A8-812B884EFEB6} = {388706E7-30E7-48C2-BFDE-D282AC3F5B32}
		{89F91E65-B4D0-4248-A105-7B3EC7DE5F96} = {388706E7-30E7-48C2-BFDE-D282AC3F5B32}
		{5AB5D4C5-D9A6-4809-B77F-49767D02AB3E} = {388706E7-30E7-48C2-BFDE-D282AC3F5B32}
		{F10DB71C-C25D-4261-A68B-119D738EE584} = {E3460D52-B12E-40B4-96B7-843132420739}
		{33BDF6DD-4374-4FA2-8ADD-48EBE4CE981E} = {E3460D52-B12E-40B4-96B7-843132420739}
		{D3D77A15-E1D1-412E-BB29-CCAF0012BD62} = {E3460D52-B12E-40B4-96B7-843132420739}
		{FB3E220D-EDB4-432B-9F00-47AE6A290DBD} = {E3460D52-B12E-40B4-96B7-843132420739}
		{CAD85A79-ABC7-466A-A9A7-9C80E7C3D2E4} = {8E134DE3-6FF1-4C88-8CE4-9F99B55F2151}
		{348B1C4E-E5DE-4A2D-81C1-A671E842442E} = {8E134DE3-6FF1-4C88-8CE4-9F99B55F2151}
		{B8820E64-C31C-4730-9EE1-63F73BC9D28C} = {8E134DE3-6FF1-4C88-8CE4-9F99B55F2151}
		{BC65F389-849A-4CAF-AB78-621241AB36AE} = {8E134DE3-6FF1-4C88-8CE4-9F99B55F2151}
		{5D5F7EAE-DE13-492B-8F46-D4BB5AF33813} = {8E134DE3-6FF1-4C88-8CE4-9F99B55F2151}
		{48DA7380-532D-49B2-A1C7-F77FF69A8CFC} = {F2248940-38B8-48B8-BBB6-B5118AF9DCA5}
		{97A01F09-3C82-4ED7-9B16-EF3E57D170D4} = {F2248940-38B8-48B8-BBB6-B5118AF9DCA5}
	EndGlobalSection
	GlobalSection(ExtensibilityGlobals) = postSolution
		SolutionGuid = {0D82853F-2960-44C3-81E2-DA4597DC4483}
	EndGlobalSection
EndGlobal
