
Microsoft Visual Studio Solution File, Format Version 12.00
# Visual Studio Version 17
VisualStudioVersion = 17.7.34202.233
MinimumVisualStudioVersion = 10.0.40219.1
Project("{2150E333-8FDC-42A3-9474-1A3956D46DE8}") = "Core", "Core", "{E3460D52-B12E-40B4-96B7-843132420739}"
EndProject
Project("{2150E333-8FDC-42A3-9474-1A3956D46DE8}") = "Data", "Data", "{388706E7-30E7-48C2-BFDE-D282AC3F5B32}"
EndProject
Project("{2150E333-8FDC-42A3-9474-1A3956D46DE8}") = "Services", "Services", "{8E134DE3-6FF1-4C88-8CE4-9F99B55F2151}"
EndProject
Project("{2150E333-8FDC-42A3-9474-1A3956D46DE8}") = "Tests", "Tests", "{5F3B0141-E6D3-429B-971D-BEA865DD3CE3}"
EndProject
Project("{2150E333-8FDC-42A3-9474-1A3956D46DE8}") = "Webapp", "Webapp", "{F2248940-38B8-48B8-BBB6-B5118AF9DCA5}"
EndProject
Project("{FAE04EC0-301F-11D3-BF4B-00C04F79EFBC}") = "Clinic.Caching", "Clinic.Caching\Clinic.Caching.csproj", "{3D9B1B4F-F76D-4131-9310-990035D622B8}"
EndProject
Project("{FAE04EC0-301F-11D3-BF4B-00C04F79EFBC}") = "Clinic.Common", "Clinic.Common\Clinic.Common.csproj", "{08C50FF5-FD31-4FD6-B3AD-D996780FE871}"
EndProject
Project("{FAE04EC0-301F-11D3-BF4B-00C04F79EFBC}") = "Clinic.Logger", "Clinic.Logger\Clinic.Logger.csproj", "{370FC938-560F-49E8-9204-A94F2CFA8BED}"
EndProject
Project("{FAE04EC0-301F-11D3-BF4B-00C04F79EFBC}") = "Clinic.Data.Models", "Clinic.Data.Models\Clinic.Data.Models.csproj", "{9FBE7C92-F2EE-44CB-83B7-4882CE346EDD}"
EndProject
Project("{FAE04EC0-301F-11D3-BF4B-00C04F79EFBC}") = "Clinic.Data.Store", "Clinic.Data.Store\Clinic.Data.Store.csproj", "{EABEDFE7-5F1B-440A-9DCF-DC74B97DF613}"
EndProject
Project("{FAE04EC0-301F-11D3-BF4B-00C04F79EFBC}") = "Clinic.DTO.Models", "Clinic.DTO.Models\Clinic.DTO.Models.csproj", "{E9126331-0DC9-4642-BD22-4D12CAC28494}"
EndProject
Project("{FAE04EC0-301F-11D3-BF4B-00C04F79EFBC}") = "Clinic.DataAccess", "Clinic.DataAccess\Clinic.DataAccess.csproj", "{45FDBB16-8410-422C-8EC0-FBD67CCA3202}"
EndProject
Project("{FAE04EC0-301F-11D3-BF4B-00C04F79EFBC}") = "Clinic.Invoice", "Clinic.Invoice\Clinic.Invoice.csproj", "{94BCDABA-8EE9-4867-9462-5E705E94EAFA}"
EndProject
Project("{FAE04EC0-301F-11D3-BF4B-00C04F79EFBC}") = "Clinic.Order", "Clinic.Order\Clinic.Order.csproj", "{96F13F50-8CA5-4395-886C-26505F02FA8B}"
EndProject
Project("{FAE04EC0-301F-11D3-BF4B-00C04F79EFBC}") = "Clinic.Product", "Clinic.Product\Clinic.Product.csproj", "{D472243E-0817-4BBA-BE65-D76B9D67604D}"
EndProject
Project("{FAE04EC0-301F-11D3-BF4B-00C04F79EFBC}") = "Clinic.Blazorweb", "Clinic.Blazorweb\Clinic.Blazorweb.csproj", "{C6B25B49-B224-4403-9EC3-C9940D5DD99A}"
EndProject
Project("{FAE04EC0-301F-11D3-BF4B-00C04F79EFBC}") = "Clinic.WebApi", "Clinic.WebApi\Clinic.WebApi.csproj", "{D1A93ED0-19DA-4CC4-B639-EB5F828383ED}"
EndProject
Project("{FAE04EC0-301F-11D3-BF4B-00C04F79EFBC}") = "Clinic.Infrastructure", "Clinic.Infrastructure\Clinic.Infrastructure.csproj", "{7310A24E-203D-470E-9092-24912672C43D}"
EndProject
Global
	GlobalSection(SolutionConfigurationPlatforms) = preSolution
		Debug|Any CPU = Debug|Any CPU
		Release|Any CPU = Release|Any CPU
	EndGlobalSection
	GlobalSection(ProjectConfigurationPlatforms) = postSolution
		{3D9B1B4F-F76D-4131-9310-990035D622B8}.Debug|Any CPU.ActiveCfg = Debug|Any CPU
		{3D9B1B4F-F76D-4131-9310-990035D622B8}.Debug|Any CPU.Build.0 = Debug|Any CPU
		{3D9B1B4F-F76D-4131-9310-990035D622B8}.Release|Any CPU.ActiveCfg = Release|Any CPU
		{3D9B1B4F-F76D-4131-9310-990035D622B8}.Release|Any CPU.Build.0 = Release|Any CPU
		{08C50FF5-FD31-4FD6-B3AD-D996780FE871}.Debug|Any CPU.ActiveCfg = Debug|Any CPU
		{08C50FF5-FD31-4FD6-B3AD-D996780FE871}.Debug|Any CPU.Build.0 = Debug|Any CPU
		{08C50FF5-FD31-4FD6-B3AD-D996780FE871}.Release|Any CPU.ActiveCfg = Release|Any CPU
		{08C50FF5-FD31-4FD6-B3AD-D996780FE871}.Release|Any CPU.Build.0 = Release|Any CPU
		{370FC938-560F-49E8-9204-A94F2CFA8BED}.Debug|Any CPU.ActiveCfg = Debug|Any CPU
		{370FC938-560F-49E8-9204-A94F2CFA8BED}.Debug|Any CPU.Build.0 = Debug|Any CPU
		{370FC938-560F-49E8-9204-A94F2CFA8BED}.Release|Any CPU.ActiveCfg = Release|Any CPU
		{370FC938-560F-49E8-9204-A94F2CFA8BED}.Release|Any CPU.Build.0 = Release|Any CPU
		{9FBE7C92-F2EE-44CB-83B7-4882CE346EDD}.Debug|Any CPU.ActiveCfg = Debug|Any CPU
		{9FBE7C92-F2EE-44CB-83B7-4882CE346EDD}.Debug|Any CPU.Build.0 = Debug|Any CPU
		{9FBE7C92-F2EE-44CB-83B7-4882CE346EDD}.Release|Any CPU.ActiveCfg = Release|Any CPU
		{9FBE7C92-F2EE-44CB-83B7-4882CE346EDD}.Release|Any CPU.Build.0 = Release|Any CPU
		{EABEDFE7-5F1B-440A-9DCF-DC74B97DF613}.Debug|Any CPU.ActiveCfg = Debug|Any CPU
		{EABEDFE7-5F1B-440A-9DCF-DC74B97DF613}.Debug|Any CPU.Build.0 = Debug|Any CPU
		{EABEDFE7-5F1B-440A-9DCF-DC74B97DF613}.Release|Any CPU.ActiveCfg = Release|Any CPU
		{EABEDFE7-5F1B-440A-9DCF-DC74B97DF613}.Release|Any CPU.Build.0 = Release|Any CPU
		{E9126331-0DC9-4642-BD22-4D12CAC28494}.Debug|Any CPU.ActiveCfg = Debug|Any CPU
		{E9126331-0DC9-4642-BD22-4D12CAC28494}.Debug|Any CPU.Build.0 = Debug|Any CPU
		{E9126331-0DC9-4642-BD22-4D12CAC28494}.Release|Any CPU.ActiveCfg = Release|Any CPU
		{E9126331-0DC9-4642-BD22-4D12CAC28494}.Release|Any CPU.Build.0 = Release|Any CPU
		{45FDBB16-8410-422C-8EC0-FBD67CCA3202}.Debug|Any CPU.ActiveCfg = Debug|Any CPU
		{45FDBB16-8410-422C-8EC0-FBD67CCA3202}.Debug|Any CPU.Build.0 = Debug|Any CPU
		{45FDBB16-8410-422C-8EC0-FBD67CCA3202}.Release|Any CPU.ActiveCfg = Release|Any CPU
		{45FDBB16-8410-422C-8EC0-FBD67CCA3202}.Release|Any CPU.Build.0 = Release|Any CPU
		{94BCDABA-8EE9-4867-9462-5E705E94EAFA}.Debug|Any CPU.ActiveCfg = Debug|Any CPU
		{94BCDABA-8EE9-4867-9462-5E705E94EAFA}.Debug|Any CPU.Build.0 = Debug|Any CPU
		{94BCDABA-8EE9-4867-9462-5E705E94EAFA}.Release|Any CPU.ActiveCfg = Release|Any CPU
		{94BCDABA-8EE9-4867-9462-5E705E94EAFA}.Release|Any CPU.Build.0 = Release|Any CPU
		{96F13F50-8CA5-4395-886C-26505F02FA8B}.Debug|Any CPU.ActiveCfg = Debug|Any CPU
		{96F13F50-8CA5-4395-886C-26505F02FA8B}.Debug|Any CPU.Build.0 = Debug|Any CPU
		{96F13F50-8CA5-4395-886C-26505F02FA8B}.Release|Any CPU.ActiveCfg = Release|Any CPU
		{96F13F50-8CA5-4395-886C-26505F02FA8B}.Release|Any CPU.Build.0 = Release|Any CPU
		{D472243E-0817-4BBA-BE65-D76B9D67604D}.Debug|Any CPU.ActiveCfg = Debug|Any CPU
		{D472243E-0817-4BBA-BE65-D76B9D67604D}.Debug|Any CPU.Build.0 = Debug|Any CPU
		{D472243E-0817-4BBA-BE65-D76B9D67604D}.Release|Any CPU.ActiveCfg = Release|Any CPU
		{D472243E-0817-4BBA-BE65-D76B9D67604D}.Release|Any CPU.Build.0 = Release|Any CPU
		{C6B25B49-B224-4403-9EC3-C9940D5DD99A}.Debug|Any CPU.ActiveCfg = Debug|Any CPU
		{C6B25B49-B224-4403-9EC3-C9940D5DD99A}.Debug|Any CPU.Build.0 = Debug|Any CPU
		{C6B25B49-B224-4403-9EC3-C9940D5DD99A}.Release|Any CPU.ActiveCfg = Release|Any CPU
		{C6B25B49-B224-4403-9EC3-C9940D5DD99A}.Release|Any CPU.Build.0 = Release|Any CPU
		{D1A93ED0-19DA-4CC4-B639-EB5F828383ED}.Debug|Any CPU.ActiveCfg = Debug|Any CPU
		{D1A93ED0-19DA-4CC4-B639-EB5F828383ED}.Debug|Any CPU.Build.0 = Debug|Any CPU
		{D1A93ED0-19DA-4CC4-B639-EB5F828383ED}.Release|Any CPU.ActiveCfg = Release|Any CPU
		{D1A93ED0-19DA-4CC4-B639-EB5F828383ED}.Release|Any CPU.Build.0 = Release|Any CPU
		{7310A24E-203D-470E-9092-24912672C43D}.Debug|Any CPU.ActiveCfg = Debug|Any CPU
		{7310A24E-203D-470E-9092-24912672C43D}.Debug|Any CPU.Build.0 = Debug|Any CPU
		{7310A24E-203D-470E-9092-24912672C43D}.Release|Any CPU.ActiveCfg = Release|Any CPU
		{7310A24E-203D-470E-9092-24912672C43D}.Release|Any CPU.Build.0 = Release|Any CPU
	EndGlobalSection
	GlobalSection(SolutionProperties) = preSolution
		HideSolutionNode = FALSE
	EndGlobalSection
	GlobalSection(NestedProjects) = preSolution
		{3D9B1B4F-F76D-4131-9310-990035D622B8} = {E3460D52-B12E-40B4-96B7-843132420739}
		{08C50FF5-FD31-4FD6-B3AD-D996780FE871} = {E3460D52-B12E-40B4-96B7-843132420739}
		{370FC938-560F-49E8-9204-A94F2CFA8BED} = {E3460D52-B12E-40B4-96B7-843132420739}
		{9FBE7C92-F2EE-44CB-83B7-4882CE346EDD} = {388706E7-30E7-48C2-BFDE-D282AC3F5B32}
		{EABEDFE7-5F1B-440A-9DCF-DC74B97DF613} = {388706E7-30E7-48C2-BFDE-D282AC3F5B32}
		{E9126331-0DC9-4642-BD22-4D12CAC28494} = {388706E7-30E7-48C2-BFDE-D282AC3F5B32}
		{45FDBB16-8410-422C-8EC0-FBD67CCA3202} = {8E134DE3-6FF1-4C88-8CE4-9F99B55F2151}
		{94BCDABA-8EE9-4867-9462-5E705E94EAFA} = {8E134DE3-6FF1-4C88-8CE4-9F99B55F2151}
		{96F13F50-8CA5-4395-886C-26505F02FA8B} = {8E134DE3-6FF1-4C88-8CE4-9F99B55F2151}
		{D472243E-0817-4BBA-BE65-D76B9D67604D} = {8E134DE3-6FF1-4C88-8CE4-9F99B55F2151}
		{C6B25B49-B224-4403-9EC3-C9940D5DD99A} = {F2248940-38B8-48B8-BBB6-B5118AF9DCA5}
		{D1A93ED0-19DA-4CC4-B639-EB5F828383ED} = {F2248940-38B8-48B8-BBB6-B5118AF9DCA5}
		{7310A24E-203D-470E-9092-24912672C43D} = {E3460D52-B12E-40B4-96B7-843132420739}
	EndGlobalSection
	GlobalSection(ExtensibilityGlobals) = postSolution
		SolutionGuid = {0D82853F-2960-44C3-81E2-DA4597DC4483}
	EndGlobalSection
EndGlobal
